
Microsoft Visual Studio Solution File, Format Version 12.00
# Visual Studio Version 17
VisualStudioVersion = 17.7.34009.444
MinimumVisualStudioVersion = 10.0.40219.1
Project("{FAE04EC0-301F-11D3-BF4B-00C04F79EFBC}") = "WinFormsApp20", "WinFormsApp20.csproj", "{D60C68D4-8EFA-4B9D-89FC-00B1A291221A}"
EndProject
Global
	GlobalSection(SolutionConfigurationPlatforms) = preSolution
		Debug|Any CPU = Debug|Any CPU
		Release|Any CPU = Release|Any CPU
	EndGlobalSection
	GlobalSection(ProjectConfigurationPlatforms) = postSolution
		{D60C68D4-8EFA-4B9D-89FC-00B1A291221A}.Debug|Any CPU.ActiveCfg = Debug|Any CPU
		{D60C68D4-8EFA-4B9D-89FC-00B1A291221A}.Debug|Any CPU.Build.0 = Debug|Any CPU
		{D60C68D4-8EFA-4B9D-89FC-00B1A291221A}.Release|Any CPU.ActiveCfg = Release|Any CPU
		{D60C68D4-8EFA-4B9D-89FC-00B1A291221A}.Release|Any CPU.Build.0 = Release|Any CPU
	EndGlobalSection
	GlobalSection(SolutionProperties) = preSolution
		HideSolutionNode = FALSE
	EndGlobalSection
	GlobalSection(ExtensibilityGlobals) = postSolution
		SolutionGuid = {0AC7D1C9-8FEE-4A7A-BE4D-683423E36541}
	EndGlobalSection
EndGlobal
